{
  "name": "lawda",
  "lockfileVersion": 3,
  "requires": true,
  "packages": {
    "": {
      "name": "lawda",
      "dependencies": {
        "@clack/core": "^1.4.3",
        "@clack/prompts": "^1.7.0",
        "@openrouter/ai-sdk-provider": "^3.0.0",
        "@types/node": "^26.2.0",
        "ai": "^7.0.66",
        "chalk": "^6.0.0",
        "commander": "^15.0.0",
        "dotenv": "^17.4.2",
        "figlet": "^1.11.4"
      },
      "bin": {
        "lawdaa": "index.ts"
      },
      "devDependencies": {
        "@types/bun": "latest"
      },
      "peerDependencies": {
        "typescript": "^5"
      }
    },
    "node_modules/@ai-sdk/gateway": {
      "version": "4.0.52",
      "license": "Apache-2.0",
      "dependencies": {
        "@ai-sdk/provider": "4.0.7",
        "@ai-sdk/provider-utils": "5.0.27",
        "@vercel/oidc": "3.2.0"
      },
      "engines": {
        "node": ">=22"
      },
      "peerDependencies": {
        "zod": "^3.25.76 || ^4.1.8"
      }
    },
    "node_modules/@ai-sdk/provider": {
      "version": "4.0.7",
      "license": "Apache-2.0",
      "dependencies": {
        "json-schema": "^0.4.0"
      },
      "engines": {
        "node": ">=22"
      }
    },
    "node_modules/@ai-sdk/provider-utils": {
      "version": "5.0.27",
      "license": "Apache-2.0",
      "dependencies": {
        "@ai-sdk/provider": "4.0.7",
        "@standard-schema/spec": "^1.1.0",
        "@workflow/serde": "4.1.0",
        "eventsource-parser": "^3.0.8",
        "undici": "^7.28.0"
      },
      "engines": {
        "node": ">=22"
      },
      "peerDependencies": {
        "zod": "^3.25.76 || ^4.1.8"
      }
    },
    "node_modules/@clack/core": {
      "version": "1.4.3",
      "license": "MIT",
      "dependencies": {
        "fast-wrap-ansi": "^0.2.0",
        "sisteransi": "^1.0.5"
      },
      "engines": {
        "node": ">= 20.12.0"
      }
    },
    "node_modules/@clack/prompts": {
      "version": "1.7.0",
      "license": "MIT",
      "dependencies": {
        "@clack/core": "1.4.3",
        "fast-string-width": "^3.0.2",
        "fast-wrap-ansi": "^0.2.0",
        "sisteransi": "^1.0.5"
      },
      "engines": {
        "node": ">= 20.12.0"
      }
    },
    "node_modules/@openrouter/ai-sdk-provider": {
      "version": "3.0.0",
      "license": "Apache-2.0",
      "engines": {
        "node": ">=22"
      },
      "peerDependencies": {
        "ai": "^7.0.0",
        "zod": "^3.25.76 || ^4.1.8"
      }
    },
    "node_modules/@standard-schema/spec": {
      "version": "1.1.0",
      "license": "MIT"
    },
    "node_modules/@types/bun": {
      "version": "1.4.0",
      "resolved": "https://registry.npmjs.org/@types/bun/-/bun-1.4.0.tgz",
      "integrity": "sha512-K+lZULY23vRgK/CfTjFIV+tyifaNdSMlPh9j+6mQ/cLfpOznLyAuzgV/JQysyECpkBQLVMSyvjlr2fBUSA9wFQ==",
      "dev": true,
      "license": "MIT",
      "dependencies": {
        "bun-types": "1.4.0"
      }
    },
    "node_modules/@types/node": {
      "version": "26.2.0",
      "license": "MIT",
      "dependencies": {
        "undici-types": "~8.3.0"
      }
    },
    "node_modules/@vercel/oidc": {
      "version": "3.2.0",
      "license": "Apache-2.0",
      "engines": {
        "node": ">= 20"
      }
    },
    "node_modules/@workflow/serde": {
      "version": "4.1.0",
      "license": "Apache-2.0"
    },
    "node_modules/ai": {
      "version": "7.0.66",
      "license": "Apache-2.0",
      "peer": true,
      "dependencies": {
        "@ai-sdk/gateway": "4.0.52",
        "@ai-sdk/provider": "4.0.7",
        "@ai-sdk/provider-utils": "5.0.27"
      },
      "engines": {
        "node": ">=22"
      },
      "peerDependencies": {
        "zod": "^3.25.76 || ^4.1.8"
      }
    },
    "node_modules/bun-types": {
      "version": "1.4.0",
      "resolved": "https://registry.npmjs.org/bun-types/-/bun-types-1.4.0.tgz",
      "integrity": "sha512-iIKw23BspnQQYd3prITOBxeUsxBHnwzX6YJfGMuNOZzeNcMmVqzIIVGRm1l69ogaPQmb4wB6BN8mA5bE9YuC5Q==",
      "dev": true,
      "license": "MIT",
      "dependencies": {
        "@types/node": "*"
      }
    },
    "node_modules/chalk": {
      "version": "6.0.0",
      "license": "MIT",
      "engines": {
        "node": ">=22"
      },
      "funding": {
        "url": "https://github.com/chalk/chalk?sponsor=1"
      }
    },
    "node_modules/commander": {
      "version": "15.0.0",
      "license": "MIT",
      "engines": {
        "node": ">=22.12.0"
      }
    },
    "node_modules/dotenv": {
      "version": "17.4.2",
      "resolved": "https://registry.npmjs.org/dotenv/-/dotenv-17.4.2.tgz",
      "integrity": "sha512-nI4U3TottKAcAD9LLud4Cb7b2QztQMUEfHbvhTH09bqXTxnSie8WnjPALV/WMCrJZ6UV/qHJ6L03OqO3LcdYZw==",
      "license": "BSD-2-Clause",
      "engines": {
        "node": ">=12"
      },
      "funding": {
        "url": "https://dotenvx.com"
      }
    },
    "node_modules/eventsource-parser": {
      "version": "3.1.1",
      "license": "MIT",
      "engines": {
        "node": ">=18.0.0"
      }
    },
    "node_modules/fast-string-truncated-width": {
      "version": "3.0.3",
      "license": "MIT"
    },
    "node_modules/fast-string-width": {
      "version": "3.0.2",
      "license": "MIT",
      "dependencies": {
        "fast-string-truncated-width": "^3.0.2"
      }
    },
    "node_modules/fast-wrap-ansi": {
      "version": "0.2.2",
      "license": "MIT",
      "dependencies": {
        "fast-string-width": "^3.0.2"
      }
    },
    "node_modules/figlet": {
      "version": "1.11.4",
      "license": "MIT",
      "dependencies": {
        "commander": "^14.0.0"
      },
      "bin": {
        "figlet": "bin/index.js"
      },
      "engines": {
        "node": ">= 17.0.0"
      }
    },
    "node_modules/figlet/node_modules/commander": {
      "version": "14.0.3",
      "license": "MIT",
      "engines": {
        "node": ">=20"
      }
    },
    "node_modules/json-schema": {
      "version": "0.4.0",
      "license": "(AFL-2.1 OR BSD-3-Clause)"
    },
    "node_modules/sisteransi": {
      "version": "1.0.5",
      "license": "MIT"
    },
    "node_modules/typescript": {
      "version": "5.9.3",
      "license": "Apache-2.0",
      "peer": true,
      "bin": {
        "tsc": "bin/tsc",
        "tsserver": "bin/tsserver"
      },
      "engines": {
        "node": ">=14.17"
      }
    },
    "node_modules/undici": {
      "version": "7.29.0",
      "license": "MIT",
      "engines": {
        "node": ">=20.18.1"
      }
    },
    "node_modules/undici-types": {
      "version": "8.3.0",
      "license": "MIT"
    },
    "node_modules/zod": {
      "version": "4.4.3",
      "license": "MIT",
      "peer": true,
      "funding": {
        "url": "https://github.com/sponsors/colinhacks"
      }
    }
  }
}
